
Microsoft Visual Studio Solution File, Format Version 12.00
# Visual Studio 15
VisualStudioVersion = 15.0.28307.645
MinimumVisualStudioVersion = 10.0.40219.1
Project("{FAE04EC0-301F-11D3-BF4B-00C04F79EFBC}") = "Topico 13", "Topico 13\Topico 13.csproj", "{A3424968-E930-4DBE-B101-1EF77037FADB}"
EndProject
Global
	GlobalSection(SolutionConfigurationPlatforms) = preSolution
		Debug|Any CPU = Debug|Any CPU
		Release|Any CPU = Release|Any CPU
	EndGlobalSection
	GlobalSection(ProjectConfigurationPlatforms) = postSolution
		{A3424968-E930-4DBE-B101-1EF77037FADB}.Debug|Any CPU.ActiveCfg = Debug|Any CPU
		{A3424968-E930-4DBE-B101-1EF77037FADB}.Debug|Any CPU.Build.0 = Debug|Any CPU
		{A3424968-E930-4DBE-B101-1EF77037FADB}.Release|Any CPU.ActiveCfg = Release|Any CPU
		{A3424968-E930-4DBE-B101-1EF77037FADB}.Release|Any CPU.Build.0 = Release|Any CPU
	EndGlobalSection
	GlobalSection(SolutionProperties) = preSolution
		HideSolutionNode = FALSE
	EndGlobalSection
	GlobalSection(ExtensibilityGlobals) = postSolution
		SolutionGuid = {51F89C29-4E15-4BB7-9B5C-D027F9E0CBB6}
	EndGlobalSection
EndGlobal
