
Microsoft Visual Studio Solution File, Format Version 12.00
# Visual Studio 15
VisualStudioVersion = 15.0.28307.645
MinimumVisualStudioVersion = 10.0.40219.1
Project("{FAE04EC0-301F-11D3-BF4B-00C04F79EFBC}") = "Topico 11", "Topico 11\Topico 11.csproj", "{C7922F63-B134-4809-BAC9-20A081723F48}"
EndProject
Global
	GlobalSection(SolutionConfigurationPlatforms) = preSolution
		Debug|Any CPU = Debug|Any CPU
		Release|Any CPU = Release|Any CPU
	EndGlobalSection
	GlobalSection(ProjectConfigurationPlatforms) = postSolution
		{C7922F63-B134-4809-BAC9-20A081723F48}.Debug|Any CPU.ActiveCfg = Debug|Any CPU
		{C7922F63-B134-4809-BAC9-20A081723F48}.Debug|Any CPU.Build.0 = Debug|Any CPU
		{C7922F63-B134-4809-BAC9-20A081723F48}.Release|Any CPU.ActiveCfg = Release|Any CPU
		{C7922F63-B134-4809-BAC9-20A081723F48}.Release|Any CPU.Build.0 = Release|Any CPU
	EndGlobalSection
	GlobalSection(SolutionProperties) = preSolution
		HideSolutionNode = FALSE
	EndGlobalSection
	GlobalSection(ExtensibilityGlobals) = postSolution
		SolutionGuid = {5609195A-DC97-4853-9E54-CCC8140A9F1E}
	EndGlobalSection
EndGlobal
