
Microsoft Visual Studio Solution File, Format Version 12.00
# Visual Studio 15
VisualStudioVersion = 15.0.28307.645
MinimumVisualStudioVersion = 10.0.40219.1
Project("{FAE04EC0-301F-11D3-BF4B-00C04F79EFBC}") = "Topico 5", "Topico 5\Topico 5.csproj", "{DD7FF127-6141-48A4-8C9D-31376026DECE}"
EndProject
Global
	GlobalSection(SolutionConfigurationPlatforms) = preSolution
		Debug|Any CPU = Debug|Any CPU
		Release|Any CPU = Release|Any CPU
	EndGlobalSection
	GlobalSection(ProjectConfigurationPlatforms) = postSolution
		{DD7FF127-6141-48A4-8C9D-31376026DECE}.Debug|Any CPU.ActiveCfg = Debug|Any CPU
		{DD7FF127-6141-48A4-8C9D-31376026DECE}.Debug|Any CPU.Build.0 = Debug|Any CPU
		{DD7FF127-6141-48A4-8C9D-31376026DECE}.Release|Any CPU.ActiveCfg = Release|Any CPU
		{DD7FF127-6141-48A4-8C9D-31376026DECE}.Release|Any CPU.Build.0 = Release|Any CPU
	EndGlobalSection
	GlobalSection(SolutionProperties) = preSolution
		HideSolutionNode = FALSE
	EndGlobalSection
	GlobalSection(ExtensibilityGlobals) = postSolution
		SolutionGuid = {A2235B6D-463A-44E3-B2B8-44F5678CD21D}
	EndGlobalSection
EndGlobal
