
Microsoft Visual Studio Solution File, Format Version 12.00
# Visual Studio 15
VisualStudioVersion = 15.0.28307.645
MinimumVisualStudioVersion = 10.0.40219.1
Project("{9A19103F-16F7-4668-BE54-9A1E7A4F7556}") = "String", "String Variavel\String.csproj", "{007787A0-B75D-4A58-BC7C-1EAA1FD329A5}"
EndProject
Project("{9A19103F-16F7-4668-BE54-9A1E7A4F7556}") = "Entrada de Dados", "Entrada de Dados\Entrada de Dados.csproj", "{52339C74-157D-4FE9-875B-7C0DF9A7B0D1}"
EndProject
Project("{2150E333-8FDC-42A3-9474-1A3956D46DE8}") = "Exercicios 1", "Exercicios 1", "{9DB577AE-5B0E-41A0-A194-3A342AFB0542}"
EndProject
Project("{9A19103F-16F7-4668-BE54-9A1E7A4F7556}") = "01", "01\01.csproj", "{BA044906-B42F-4C58-ABBF-F8329F78DF31}"
EndProject
Project("{9A19103F-16F7-4668-BE54-9A1E7A4F7556}") = "02", "02\02.csproj", "{03500C5A-0625-44F0-B4F4-13722D84924E}"
EndProject
Project("{9A19103F-16F7-4668-BE54-9A1E7A4F7556}") = "03", "03\03.csproj", "{6CBBCF9A-359F-4284-AFE2-FE9886BB19F5}"
EndProject
Project("{9A19103F-16F7-4668-BE54-9A1E7A4F7556}") = "04", "04\04.csproj", "{10CEE9BF-4FBB-4670-A0CB-828570BE762D}"
EndProject
Project("{9A19103F-16F7-4668-BE54-9A1E7A4F7556}") = "05", "05\05.csproj", "{D48CA2A8-5FCE-4750-9ED9-CA9A19CECA2F}"
EndProject
Project("{9A19103F-16F7-4668-BE54-9A1E7A4F7556}") = "06", "06\06.csproj", "{5FA20CF5-4FA2-4389-A49E-BB57695393ED}"
EndProject
Project("{2150E333-8FDC-42A3-9474-1A3956D46DE8}") = "Exercicios 2", "Exercicios 2", "{DAC9FBDB-D15C-4C4C-BC07-10919E18B51D}"
EndProject
Project("{9A19103F-16F7-4668-BE54-9A1E7A4F7556}") = "001", "001\001.csproj", "{84AEAD92-B9F7-4516-96F3-FCB0D304B9CD}"
EndProject
Project("{9A19103F-16F7-4668-BE54-9A1E7A4F7556}") = "003", "003\003.csproj", "{AAA14124-EBB3-43DF-9990-80D1FC0EFC9B}"
EndProject
Project("{9A19103F-16F7-4668-BE54-9A1E7A4F7556}") = "002", "002\002.csproj", "{515839F1-931F-4BBA-9434-5FF4BB077638}"
EndProject
Project("{9A19103F-16F7-4668-BE54-9A1E7A4F7556}") = "004", "004\004.csproj", "{72FDC7ED-3748-4CA3-A060-A66EF2CEF34B}"
EndProject
Project("{9A19103F-16F7-4668-BE54-9A1E7A4F7556}") = "005", "005\005.csproj", "{7055E1B7-F098-4813-B3C7-C22BBB2698DB}"
EndProject
Project("{9A19103F-16F7-4668-BE54-9A1E7A4F7556}") = "006", "006\006.csproj", "{14EBC10C-1CC8-4FA8-9193-E9E965331A71}"
EndProject
Project("{9A19103F-16F7-4668-BE54-9A1E7A4F7556}") = "007", "007\007.csproj", "{55613601-DB80-4764-B8E5-3F33CA69544D}"
EndProject
Project("{9A19103F-16F7-4668-BE54-9A1E7A4F7556}") = "008", "008\008.csproj", "{D35A45D8-F543-4B39-8647-87D12433649E}"
EndProject
Project("{2150E333-8FDC-42A3-9474-1A3956D46DE8}") = "Exercicios 3", "Exercicios 3", "{5FBE228E-774D-44C7-906C-3F993DE04DD5}"
EndProject
Project("{FAE04EC0-301F-11D3-BF4B-00C04F79EFBC}") = "0001", "0001\0001.csproj", "{F2BEEF4A-B495-497C-9FE8-CCA5585BB3C6}"
EndProject
Project("{FAE04EC0-301F-11D3-BF4B-00C04F79EFBC}") = "0002", "0002\0002.csproj", "{3284EB26-62D7-416A-A5BE-4C9A2A080654}"
EndProject
Project("{FAE04EC0-301F-11D3-BF4B-00C04F79EFBC}") = "0003", "0003\0003.csproj", "{D8FEAEFF-B037-44E9-AE9E-A4E5E079024F}"
EndProject
Project("{2150E333-8FDC-42A3-9474-1A3956D46DE8}") = "Exercicios 4", "Exercicios 4", "{8F28FA83-6213-43C4-9DCD-79B9A6B1013B}"
EndProject
Project("{FAE04EC0-301F-11D3-BF4B-00C04F79EFBC}") = "00001", "00001\00001.csproj", "{562424C6-4D68-4217-ACB3-6B4F982FBF8B}"
EndProject
Project("{FAE04EC0-301F-11D3-BF4B-00C04F79EFBC}") = "00002", "00002\00002.csproj", "{384EC2CF-F0BC-4C8B-A59B-5CE20C176E38}"
EndProject
Project("{FAE04EC0-301F-11D3-BF4B-00C04F79EFBC}") = "00003", "00003\00003.csproj", "{F038F35D-E9F9-4016-9353-FDE86FDC9918}"
EndProject
Global
	GlobalSection(SolutionConfigurationPlatforms) = preSolution
		Debug|Any CPU = Debug|Any CPU
		Release|Any CPU = Release|Any CPU
	EndGlobalSection
	GlobalSection(ProjectConfigurationPlatforms) = postSolution
		{007787A0-B75D-4A58-BC7C-1EAA1FD329A5}.Debug|Any CPU.ActiveCfg = Debug|Any CPU
		{007787A0-B75D-4A58-BC7C-1EAA1FD329A5}.Debug|Any CPU.Build.0 = Debug|Any CPU
		{007787A0-B75D-4A58-BC7C-1EAA1FD329A5}.Release|Any CPU.ActiveCfg = Release|Any CPU
		{007787A0-B75D-4A58-BC7C-1EAA1FD329A5}.Release|Any CPU.Build.0 = Release|Any CPU
		{52339C74-157D-4FE9-875B-7C0DF9A7B0D1}.Debug|Any CPU.ActiveCfg = Debug|Any CPU
		{52339C74-157D-4FE9-875B-7C0DF9A7B0D1}.Debug|Any CPU.Build.0 = Debug|Any CPU
		{52339C74-157D-4FE9-875B-7C0DF9A7B0D1}.Release|Any CPU.ActiveCfg = Release|Any CPU
		{52339C74-157D-4FE9-875B-7C0DF9A7B0D1}.Release|Any CPU.Build.0 = Release|Any CPU
		{BA044906-B42F-4C58-ABBF-F8329F78DF31}.Debug|Any CPU.ActiveCfg = Debug|Any CPU
		{BA044906-B42F-4C58-ABBF-F8329F78DF31}.Debug|Any CPU.Build.0 = Debug|Any CPU
		{BA044906-B42F-4C58-ABBF-F8329F78DF31}.Release|Any CPU.ActiveCfg = Release|Any CPU
		{BA044906-B42F-4C58-ABBF-F8329F78DF31}.Release|Any CPU.Build.0 = Release|Any CPU
		{03500C5A-0625-44F0-B4F4-13722D84924E}.Debug|Any CPU.ActiveCfg = Debug|Any CPU
		{03500C5A-0625-44F0-B4F4-13722D84924E}.Debug|Any CPU.Build.0 = Debug|Any CPU
		{03500C5A-0625-44F0-B4F4-13722D84924E}.Release|Any CPU.ActiveCfg = Release|Any CPU
		{03500C5A-0625-44F0-B4F4-13722D84924E}.Release|Any CPU.Build.0 = Release|Any CPU
		{6CBBCF9A-359F-4284-AFE2-FE9886BB19F5}.Debug|Any CPU.ActiveCfg = Debug|Any CPU
		{6CBBCF9A-359F-4284-AFE2-FE9886BB19F5}.Debug|Any CPU.Build.0 = Debug|Any CPU
		{6CBBCF9A-359F-4284-AFE2-FE9886BB19F5}.Release|Any CPU.ActiveCfg = Release|Any CPU
		{6CBBCF9A-359F-4284-AFE2-FE9886BB19F5}.Release|Any CPU.Build.0 = Release|Any CPU
		{10CEE9BF-4FBB-4670-A0CB-828570BE762D}.Debug|Any CPU.ActiveCfg = Debug|Any CPU
		{10CEE9BF-4FBB-4670-A0CB-828570BE762D}.Debug|Any CPU.Build.0 = Debug|Any CPU
		{10CEE9BF-4FBB-4670-A0CB-828570BE762D}.Release|Any CPU.ActiveCfg = Release|Any CPU
		{10CEE9BF-4FBB-4670-A0CB-828570BE762D}.Release|Any CPU.Build.0 = Release|Any CPU
		{D48CA2A8-5FCE-4750-9ED9-CA9A19CECA2F}.Debug|Any CPU.ActiveCfg = Debug|Any CPU
		{D48CA2A8-5FCE-4750-9ED9-CA9A19CECA2F}.Debug|Any CPU.Build.0 = Debug|Any CPU
		{D48CA2A8-5FCE-4750-9ED9-CA9A19CECA2F}.Release|Any CPU.ActiveCfg = Release|Any CPU
		{D48CA2A8-5FCE-4750-9ED9-CA9A19CECA2F}.Release|Any CPU.Build.0 = Release|Any CPU
		{5FA20CF5-4FA2-4389-A49E-BB57695393ED}.Debug|Any CPU.ActiveCfg = Debug|Any CPU
		{5FA20CF5-4FA2-4389-A49E-BB57695393ED}.Debug|Any CPU.Build.0 = Debug|Any CPU
		{5FA20CF5-4FA2-4389-A49E-BB57695393ED}.Release|Any CPU.ActiveCfg = Release|Any CPU
		{5FA20CF5-4FA2-4389-A49E-BB57695393ED}.Release|Any CPU.Build.0 = Release|Any CPU
		{84AEAD92-B9F7-4516-96F3-FCB0D304B9CD}.Debug|Any CPU.ActiveCfg = Debug|Any CPU
		{84AEAD92-B9F7-4516-96F3-FCB0D304B9CD}.Debug|Any CPU.Build.0 = Debug|Any CPU
		{84AEAD92-B9F7-4516-96F3-FCB0D304B9CD}.Release|Any CPU.ActiveCfg = Release|Any CPU
		{84AEAD92-B9F7-4516-96F3-FCB0D304B9CD}.Release|Any CPU.Build.0 = Release|Any CPU
		{AAA14124-EBB3-43DF-9990-80D1FC0EFC9B}.Debug|Any CPU.ActiveCfg = Debug|Any CPU
		{AAA14124-EBB3-43DF-9990-80D1FC0EFC9B}.Debug|Any CPU.Build.0 = Debug|Any CPU
		{AAA14124-EBB3-43DF-9990-80D1FC0EFC9B}.Release|Any CPU.ActiveCfg = Release|Any CPU
		{AAA14124-EBB3-43DF-9990-80D1FC0EFC9B}.Release|Any CPU.Build.0 = Release|Any CPU
		{515839F1-931F-4BBA-9434-5FF4BB077638}.Debug|Any CPU.ActiveCfg = Debug|Any CPU
		{515839F1-931F-4BBA-9434-5FF4BB077638}.Debug|Any CPU.Build.0 = Debug|Any CPU
		{515839F1-931F-4BBA-9434-5FF4BB077638}.Release|Any CPU.ActiveCfg = Release|Any CPU
		{515839F1-931F-4BBA-9434-5FF4BB077638}.Release|Any CPU.Build.0 = Release|Any CPU
		{72FDC7ED-3748-4CA3-A060-A66EF2CEF34B}.Debug|Any CPU.ActiveCfg = Debug|Any CPU
		{72FDC7ED-3748-4CA3-A060-A66EF2CEF34B}.Debug|Any CPU.Build.0 = Debug|Any CPU
		{72FDC7ED-3748-4CA3-A060-A66EF2CEF34B}.Release|Any CPU.ActiveCfg = Release|Any CPU
		{72FDC7ED-3748-4CA3-A060-A66EF2CEF34B}.Release|Any CPU.Build.0 = Release|Any CPU
		{7055E1B7-F098-4813-B3C7-C22BBB2698DB}.Debug|Any CPU.ActiveCfg = Debug|Any CPU
		{7055E1B7-F098-4813-B3C7-C22BBB2698DB}.Debug|Any CPU.Build.0 = Debug|Any CPU
		{7055E1B7-F098-4813-B3C7-C22BBB2698DB}.Release|Any CPU.ActiveCfg = Release|Any CPU
		{7055E1B7-F098-4813-B3C7-C22BBB2698DB}.Release|Any CPU.Build.0 = Release|Any CPU
		{14EBC10C-1CC8-4FA8-9193-E9E965331A71}.Debug|Any CPU.ActiveCfg = Debug|Any CPU
		{14EBC10C-1CC8-4FA8-9193-E9E965331A71}.Debug|Any CPU.Build.0 = Debug|Any CPU
		{14EBC10C-1CC8-4FA8-9193-E9E965331A71}.Release|Any CPU.ActiveCfg = Release|Any CPU
		{14EBC10C-1CC8-4FA8-9193-E9E965331A71}.Release|Any CPU.Build.0 = Release|Any CPU
		{55613601-DB80-4764-B8E5-3F33CA69544D}.Debug|Any CPU.ActiveCfg = Debug|Any CPU
		{55613601-DB80-4764-B8E5-3F33CA69544D}.Debug|Any CPU.Build.0 = Debug|Any CPU
		{55613601-DB80-4764-B8E5-3F33CA69544D}.Release|Any CPU.ActiveCfg = Release|Any CPU
		{55613601-DB80-4764-B8E5-3F33CA69544D}.Release|Any CPU.Build.0 = Release|Any CPU
		{D35A45D8-F543-4B39-8647-87D12433649E}.Debug|Any CPU.ActiveCfg = Debug|Any CPU
		{D35A45D8-F543-4B39-8647-87D12433649E}.Debug|Any CPU.Build.0 = Debug|Any CPU
		{D35A45D8-F543-4B39-8647-87D12433649E}.Release|Any CPU.ActiveCfg = Release|Any CPU
		{D35A45D8-F543-4B39-8647-87D12433649E}.Release|Any CPU.Build.0 = Release|Any CPU
		{F2BEEF4A-B495-497C-9FE8-CCA5585BB3C6}.Debug|Any CPU.ActiveCfg = Debug|Any CPU
		{F2BEEF4A-B495-497C-9FE8-CCA5585BB3C6}.Debug|Any CPU.Build.0 = Debug|Any CPU
		{F2BEEF4A-B495-497C-9FE8-CCA5585BB3C6}.Release|Any CPU.ActiveCfg = Release|Any CPU
		{F2BEEF4A-B495-497C-9FE8-CCA5585BB3C6}.Release|Any CPU.Build.0 = Release|Any CPU
		{3284EB26-62D7-416A-A5BE-4C9A2A080654}.Debug|Any CPU.ActiveCfg = Debug|Any CPU
		{3284EB26-62D7-416A-A5BE-4C9A2A080654}.Debug|Any CPU.Build.0 = Debug|Any CPU
		{3284EB26-62D7-416A-A5BE-4C9A2A080654}.Release|Any CPU.ActiveCfg = Release|Any CPU
		{3284EB26-62D7-416A-A5BE-4C9A2A080654}.Release|Any CPU.Build.0 = Release|Any CPU
		{D8FEAEFF-B037-44E9-AE9E-A4E5E079024F}.Debug|Any CPU.ActiveCfg = Debug|Any CPU
		{D8FEAEFF-B037-44E9-AE9E-A4E5E079024F}.Debug|Any CPU.Build.0 = Debug|Any CPU
		{D8FEAEFF-B037-44E9-AE9E-A4E5E079024F}.Release|Any CPU.ActiveCfg = Release|Any CPU
		{D8FEAEFF-B037-44E9-AE9E-A4E5E079024F}.Release|Any CPU.Build.0 = Release|Any CPU
		{562424C6-4D68-4217-ACB3-6B4F982FBF8B}.Debug|Any CPU.ActiveCfg = Debug|Any CPU
		{562424C6-4D68-4217-ACB3-6B4F982FBF8B}.Debug|Any CPU.Build.0 = Debug|Any CPU
		{562424C6-4D68-4217-ACB3-6B4F982FBF8B}.Release|Any CPU.ActiveCfg = Release|Any CPU
		{562424C6-4D68-4217-ACB3-6B4F982FBF8B}.Release|Any CPU.Build.0 = Release|Any CPU
		{384EC2CF-F0BC-4C8B-A59B-5CE20C176E38}.Debug|Any CPU.ActiveCfg = Debug|Any CPU
		{384EC2CF-F0BC-4C8B-A59B-5CE20C176E38}.Debug|Any CPU.Build.0 = Debug|Any CPU
		{384EC2CF-F0BC-4C8B-A59B-5CE20C176E38}.Release|Any CPU.ActiveCfg = Release|Any CPU
		{384EC2CF-F0BC-4C8B-A59B-5CE20C176E38}.Release|Any CPU.Build.0 = Release|Any CPU
		{F038F35D-E9F9-4016-9353-FDE86FDC9918}.Debug|Any CPU.ActiveCfg = Debug|Any CPU
		{F038F35D-E9F9-4016-9353-FDE86FDC9918}.Debug|Any CPU.Build.0 = Debug|Any CPU
		{F038F35D-E9F9-4016-9353-FDE86FDC9918}.Release|Any CPU.ActiveCfg = Release|Any CPU
		{F038F35D-E9F9-4016-9353-FDE86FDC9918}.Release|Any CPU.Build.0 = Release|Any CPU
	EndGlobalSection
	GlobalSection(SolutionProperties) = preSolution
		HideSolutionNode = FALSE
	EndGlobalSection
	GlobalSection(NestedProjects) = preSolution
		{BA044906-B42F-4C58-ABBF-F8329F78DF31} = {9DB577AE-5B0E-41A0-A194-3A342AFB0542}
		{03500C5A-0625-44F0-B4F4-13722D84924E} = {9DB577AE-5B0E-41A0-A194-3A342AFB0542}
		{6CBBCF9A-359F-4284-AFE2-FE9886BB19F5} = {9DB577AE-5B0E-41A0-A194-3A342AFB0542}
		{10CEE9BF-4FBB-4670-A0CB-828570BE762D} = {9DB577AE-5B0E-41A0-A194-3A342AFB0542}
		{D48CA2A8-5FCE-4750-9ED9-CA9A19CECA2F} = {9DB577AE-5B0E-41A0-A194-3A342AFB0542}
		{5FA20CF5-4FA2-4389-A49E-BB57695393ED} = {9DB577AE-5B0E-41A0-A194-3A342AFB0542}
		{84AEAD92-B9F7-4516-96F3-FCB0D304B9CD} = {DAC9FBDB-D15C-4C4C-BC07-10919E18B51D}
		{AAA14124-EBB3-43DF-9990-80D1FC0EFC9B} = {DAC9FBDB-D15C-4C4C-BC07-10919E18B51D}
		{515839F1-931F-4BBA-9434-5FF4BB077638} = {DAC9FBDB-D15C-4C4C-BC07-10919E18B51D}
		{72FDC7ED-3748-4CA3-A060-A66EF2CEF34B} = {DAC9FBDB-D15C-4C4C-BC07-10919E18B51D}
		{7055E1B7-F098-4813-B3C7-C22BBB2698DB} = {DAC9FBDB-D15C-4C4C-BC07-10919E18B51D}
		{14EBC10C-1CC8-4FA8-9193-E9E965331A71} = {DAC9FBDB-D15C-4C4C-BC07-10919E18B51D}
		{55613601-DB80-4764-B8E5-3F33CA69544D} = {DAC9FBDB-D15C-4C4C-BC07-10919E18B51D}
		{D35A45D8-F543-4B39-8647-87D12433649E} = {DAC9FBDB-D15C-4C4C-BC07-10919E18B51D}
		{F2BEEF4A-B495-497C-9FE8-CCA5585BB3C6} = {5FBE228E-774D-44C7-906C-3F993DE04DD5}
		{3284EB26-62D7-416A-A5BE-4C9A2A080654} = {5FBE228E-774D-44C7-906C-3F993DE04DD5}
		{D8FEAEFF-B037-44E9-AE9E-A4E5E079024F} = {5FBE228E-774D-44C7-906C-3F993DE04DD5}
		{562424C6-4D68-4217-ACB3-6B4F982FBF8B} = {8F28FA83-6213-43C4-9DCD-79B9A6B1013B}
		{384EC2CF-F0BC-4C8B-A59B-5CE20C176E38} = {8F28FA83-6213-43C4-9DCD-79B9A6B1013B}
		{F038F35D-E9F9-4016-9353-FDE86FDC9918} = {5FBE228E-774D-44C7-906C-3F993DE04DD5}
	EndGlobalSection
	GlobalSection(ExtensibilityGlobals) = postSolution
		SolutionGuid = {CF9D111A-9FF6-4C23-BBF1-3F6ADA4FB6A5}
	EndGlobalSection
EndGlobal
